// !$*UTF8*$!
{
	archiveVersion = 1;
	classes = {
	};
	objectVersion = 77;
	objects = {

/* Begin PBXBuildFile section */
		42069BE22D53410500020F6A /* KakaoSDK in Frameworks */ = {isa = PBXBuildFile; productRef = 42069BE12D53410500020F6A /* KakaoSDK */; };
		42069BE42D53410500020F6A /* KakaoSDKAuth in Frameworks */ = {isa = PBXBuildFile; productRef = 42069BE32D53410500020F6A /* KakaoSDKAuth */; };
		42069BE62D53410500020F6A /* KakaoSDKCert in Frameworks */ = {isa = PBXBuildFile; productRef = 42069BE52D53410500020F6A /* KakaoSDKCert */; };
		42069BE82D53410500020F6A /* KakaoSDKCertCore in Frameworks */ = {isa = PBXBuildFile; productRef = 42069BE72D53410500020F6A /* KakaoSDKCertCore */; };
		42069BEA2D53410500020F6A /* KakaoSDKCommon in Frameworks */ = {isa = PBXBuildFile; productRef = 42069BE92D53410500020F6A /* KakaoSDKCommon */; };
		42069CC02D53416C00020F6A /* TagListView in Frameworks */ = {isa = PBXBuildFile; productRef = 42069CBF2D53416C00020F6A /* TagListView */; };
		E2DA4542370C23DA05CBE232 /* Pods_DuruDuru.framework in Frameworks */ = {isa = PBXBuildFile; fileRef = 5DB07FC60C76A9A496DB3DD8 /* Pods_DuruDuru.framework */; };
/* End PBXBuildFile section */

/* Begin PBXFileReference section */
		42124F6C2D26CB3E0095E058 /* DuruDuru.app */ = {isa = PBXFileReference; explicitFileType = wrapper.application; includeInIndex = 0; path = DuruDuru.app; sourceTree = BUILT_PRODUCTS_DIR; };
		5DB07FC60C76A9A496DB3DD8 /* Pods_DuruDuru.framework */ = {isa = PBXFileReference; explicitFileType = wrapper.framework; includeInIndex = 0; path = Pods_DuruDuru.framework; sourceTree = BUILT_PRODUCTS_DIR; };
		61A52D9777C5EE0F28CA42E9 /* Pods-DuruDuru.release.xcconfig */ = {isa = PBXFileReference; includeInIndex = 1; lastKnownFileType = text.xcconfig; name = "Pods-DuruDuru.release.xcconfig"; path = "Target Support Files/Pods-DuruDuru/Pods-DuruDuru.release.xcconfig"; sourceTree = "<group>"; };
		FD36D7B151452EDBF983A5FE /* Pods-DuruDuru.debug.xcconfig */ = {isa = PBXFileReference; includeInIndex = 1; lastKnownFileType = text.xcconfig; name = "Pods-DuruDuru.debug.xcconfig"; path = "Target Support Files/Pods-DuruDuru/Pods-DuruDuru.debug.xcconfig"; sourceTree = "<group>"; };
/* End PBXFileReference section */

/* Begin PBXFileSystemSynchronizedBuildFileExceptionSet section */
		42124F7E2D26CB3F0095E058 /* Exceptions for "DuruDuru" folder in "DuruDuru" target */ = {
			isa = PBXFileSystemSynchronizedBuildFileExceptionSet;
			membershipExceptions = (
				Info.plist,
			);
			target = 42124F6B2D26CB3E0095E058 /* DuruDuru */;
		};
/* End PBXFileSystemSynchronizedBuildFileExceptionSet section */

/* Begin PBXFileSystemSynchronizedRootGroup section */
		42124F6E2D26CB3E0095E058 /* DuruDuru */ = {
			isa = PBXFileSystemSynchronizedRootGroup;
			exceptions = (
				42124F7E2D26CB3F0095E058 /* Exceptions for "DuruDuru" folder in "DuruDuru" target */,
			);
			path = DuruDuru;
			sourceTree = "<group>";
		};
/* End PBXFileSystemSynchronizedRootGroup section */

/* Begin PBXFrameworksBuildPhase section */
		42124F692D26CB3E0095E058 /* Frameworks */ = {
			isa = PBXFrameworksBuildPhase;
			buildActionMask = 2147483647;
			files = (
				E2DA4542370C23DA05CBE232 /* Pods_DuruDuru.framework in Frameworks */,
				42069BE22D53410500020F6A /* KakaoSDK in Frameworks */,
				42069BE82D53410500020F6A /* KakaoSDKCertCore in Frameworks */,
				42069BE42D53410500020F6A /* KakaoSDKAuth in Frameworks */,
				42069BEA2D53410500020F6A /* KakaoSDKCommon in Frameworks */,
				42069CC02D53416C00020F6A /* TagListView in Frameworks */,
				42069BE62D53410500020F6A /* KakaoSDKCert in Frameworks */,
			);
			runOnlyForDeploymentPostprocessing = 0;
		};
/* End PBXFrameworksBuildPhase section */

/* Begin PBXGroup section */
		42124F632D26CB3E0095E058 = {
			isa = PBXGroup;
			children = (
				42124F6E2D26CB3E0095E058 /* DuruDuru */,
				42124F6D2D26CB3E0095E058 /* Products */,
				4CC8458D5D2A344F9B53F129 /* Pods */,
				CFBCF4EB35BC0BCA700FC656 /* Frameworks */,
			);
			sourceTree = "<group>";
		};
		42124F6D2D26CB3E0095E058 /* Products */ = {
			isa = PBXGroup;
			children = (
				42124F6C2D26CB3E0095E058 /* DuruDuru.app */,
			);
			name = Products;
			sourceTree = "<group>";
		};
		4CC8458D5D2A344F9B53F129 /* Pods */ = {
			isa = PBXGroup;
			children = (
				FD36D7B151452EDBF983A5FE /* Pods-DuruDuru.debug.xcconfig */,
				61A52D9777C5EE0F28CA42E9 /* Pods-DuruDuru.release.xcconfig */,
			);
			path = Pods;
			sourceTree = "<group>";
		};
		CFBCF4EB35BC0BCA700FC656 /* Frameworks */ = {
			isa = PBXGroup;
			children = (
				5DB07FC60C76A9A496DB3DD8 /* Pods_DuruDuru.framework */,
			);
			name = Frameworks;
			sourceTree = "<group>";
		};
/* End PBXGroup section */

/* Begin PBXNativeTarget section */
		42124F6B2D26CB3E0095E058 /* DuruDuru */ = {
			isa = PBXNativeTarget;
			buildConfigurationList = 42124F7F2D26CB3F0095E058 /* Build configuration list for PBXNativeTarget "DuruDuru" */;
			buildPhases = (
				7B7D2BAF8F29DBD7A12ADA72 /* [CP] Check Pods Manifest.lock */,
				42124F682D26CB3E0095E058 /* Sources */,
				42124F692D26CB3E0095E058 /* Frameworks */,
				42124F6A2D26CB3E0095E058 /* Resources */,
				4F58A8E777C36C45981735B9 /* [CP] Embed Pods Frameworks */,
			);
			buildRules = (
			);
			dependencies = (
			);
			fileSystemSynchronizedGroups = (
				42124F6E2D26CB3E0095E058 /* DuruDuru */,
			);
			name = DuruDuru;
			productName = DuruDuru;
			productReference = 42124F6C2D26CB3E0095E058 /* DuruDuru.app */;
			productType = "com.apple.product-type.application";
		};
/* End PBXNativeTarget section */

/* Begin PBXProject section */
		42124F642D26CB3E0095E058 /* Project object */ = {
			isa = PBXProject;
			attributes = {
				BuildIndependentTargetsInParallel = 1;
				LastSwiftUpdateCheck = 1620;
				LastUpgradeCheck = 1620;
				TargetAttributes = {
					42124F6B2D26CB3E0095E058 = {
						CreatedOnToolsVersion = 16.2;
					};
				};
			};
			buildConfigurationList = 42124F672D26CB3E0095E058 /* Build configuration list for PBXProject "DuruDuru" */;
			developmentRegion = en;
			hasScannedForEncodings = 0;
			knownRegions = (
				en,
				Base,
			);
			mainGroup = 42124F632D26CB3E0095E058;
			minimizedProjectReferenceProxies = 1;
			packageReferences = (
				42069BE02D53410500020F6A /* XCRemoteSwiftPackageReference "kakao-ios-sdk" */,
				42069CBE2D53416C00020F6A /* XCRemoteSwiftPackageReference "TagListView" */,
			);
			preferredProjectObjectVersion = 77;
			productRefGroup = 42124F6D2D26CB3E0095E058 /* Products */;
			projectDirPath = "";
			projectRoot = "";
			targets = (
				42124F6B2D26CB3E0095E058 /* DuruDuru */,
			);
		};
/* End PBXProject section */

/* Begin PBXResourcesBuildPhase section */
		42124F6A2D26CB3E0095E058 /* Resources */ = {
			isa = PBXResourcesBuildPhase;
			buildActionMask = 2147483647;
			files = (
			);
			runOnlyForDeploymentPostprocessing = 0;
		};
/* End PBXResourcesBuildPhase section */

/* Begin PBXShellScriptBuildPhase section */
		4F58A8E777C36C45981735B9 /* [CP] Embed Pods Frameworks */ = {
			isa = PBXShellScriptBuildPhase;
			buildActionMask = 2147483647;
			files = (
			);
			inputFileListPaths = (
				"${PODS_ROOT}/Target Support Files/Pods-DuruDuru/Pods-DuruDuru-frameworks-${CONFIGURATION}-input-files.xcfilelist",
			);
			name = "[CP] Embed Pods Frameworks";
			outputFileListPaths = (
				"${PODS_ROOT}/Target Support Files/Pods-DuruDuru/Pods-DuruDuru-frameworks-${CONFIGURATION}-output-files.xcfilelist",
			);
			runOnlyForDeploymentPostprocessing = 0;
			shellPath = /bin/sh;
			shellScript = "\"${PODS_ROOT}/Target Support Files/Pods-DuruDuru/Pods-DuruDuru-frameworks.sh\"\n";
			showEnvVarsInLog = 0;
		};
		7B7D2BAF8F29DBD7A12ADA72 /* [CP] Check Pods Manifest.lock */ = {
			isa = PBXShellScriptBuildPhase;
			buildActionMask = 2147483647;
			files = (
			);
			inputFileListPaths = (
			);
			inputPaths = (
				"${PODS_PODFILE_DIR_PATH}/Podfile.lock",
				"${PODS_ROOT}/Manifest.lock",
			);
			name = "[CP] Check Pods Manifest.lock";
			outputFileListPaths = (
			);
			outputPaths = (
				"$(DERIVED_FILE_DIR)/Pods-DuruDuru-checkManifestLockResult.txt",
			);
			runOnlyForDeploymentPostprocessing = 0;
			shellPath = /bin/sh;
			shellScript = "diff \"${PODS_PODFILE_DIR_PATH}/Podfile.lock\" \"${PODS_ROOT}/Manifest.lock\" > /dev/null\nif [ $? != 0 ] ; then\n    # print error to STDERR\n    echo \"error: The sandbox is not in sync with the Podfile.lock. Run 'pod install' or update your CocoaPods installation.\" >&2\n    exit 1\nfi\n# This output is used by Xcode 'outputs' to avoid re-running this script phase.\necho \"SUCCESS\" > \"${SCRIPT_OUTPUT_FILE_0}\"\n";
			showEnvVarsInLog = 0;
		};
/* End PBXShellScriptBuildPhase section */

/* Begin PBXSourcesBuildPhase section */
		42124F682D26CB3E0095E058 /* Sources */ = {
			isa = PBXSourcesBuildPhase;
			buildActionMask = 2147483647;
			files = (
			);
			runOnlyForDeploymentPostprocessing = 0;
		};
/* End PBXSourcesBuildPhase section */

/* Begin XCBuildConfiguration section */
		42124F802D26CB3F0095E058 /* Debug */ = {
			isa = XCBuildConfiguration;
			baseConfigurationReference = FD36D7B151452EDBF983A5FE /* Pods-DuruDuru.debug.xcconfig */;
			buildSettings = {
				ASSETCATALOG_COMPILER_APPICON_NAME = AppIcon;
				ASSETCATALOG_COMPILER_GLOBAL_ACCENT_COLOR_NAME = AccentColor;
				CODE_SIGN_STYLE = Automatic;
				CURRENT_PROJECT_VERSION = 1;
				DEVELOPMENT_TEAM = 4A47BUDSR5;
				ENABLE_USER_SCRIPT_SANDBOXING = NO;
				GENERATE_INFOPLIST_FILE = YES;
				INFOPLIST_FILE = DuruDuru/Info.plist;
				INFOPLIST_KEY_NSCameraUsageDescription = "~를 사용하기 위해서 카메라 권한이 필요합니다.";
				INFOPLIST_KEY_NSLocationAlwaysAndWhenInUseUsageDescription = "위치 정보를 항상 사용하기 위해 권한이 필요합니다.";
				INFOPLIST_KEY_NSLocationWhenInUseUsageDescription = "위치 정보를 사용하기 위해 권한이 필요합니다.";
				INFOPLIST_KEY_UIApplicationSupportsIndirectInputEvents = YES;
				INFOPLIST_KEY_UILaunchStoryboardName = LaunchScreen;
				INFOPLIST_KEY_UISupportedInterfaceOrientations_iPad = "UIInterfaceOrientationPortrait UIInterfaceOrientationPortraitUpsideDown UIInterfaceOrientationLandscapeLeft UIInterfaceOrientationLandscapeRight";
				INFOPLIST_KEY_UISupportedInterfaceOrientations_iPhone = "UIInterfaceOrientationPortrait UIInterfaceOrientationLandscapeLeft UIInterfaceOrientationLandscapeRight";
				IPHONEOS_DEPLOYMENT_TARGET = 18.0;
				LD_RUNPATH_SEARCH_PATHS = (
					"$(inherited)",
					"@executable_path/Frameworks",
				);
				MARKETING_VERSION = 1.0;
				PRODUCT_BUNDLE_IDENTIFIER = evan.DuruDuru;
				PRODUCT_NAME = "$(TARGET_NAME)";
				SWIFT_EMIT_LOC_STRINGS = YES;
				SWIFT_VERSION = 5.0;
				TARGETED_DEVICE_FAMILY = "1,2";
			};
			name = Debug;
		};
		42124F812D26CB3F0095E058 /* Release */ = {
			isa = XCBuildConfiguration;
			baseConfigurationReference = 61A52D9777C5EE0F28CA42E9 /* Pods-DuruDuru.release.xcconfig */;
			buildSettings = {
				ASSETCATALOG_COMPILER_APPICON_NAME = AppIcon;
				ASSETCATALOG_COMPILER_GLOBAL_ACCENT_COLOR_NAME = AccentColor;
				CODE_SIGN_STYLE = Automatic;
				CURRENT_PROJECT_VERSION = 1;
				DEVELOPMENT_TEAM = 4A47BUDSR5;
				ENABLE_USER_SCRIPT_SANDBOXING = NO;
				GENERATE_INFOPLIST_FILE = YES;
				INFOPLIST_FILE = DuruDuru/Info.plist;
				INFOPLIST_KEY_NSCameraUsageDescription = "~를 사용하기 위해서 카메라 권한이 필요합니다.";
				INFOPLIST_KEY_NSLocationAlwaysAndWhenInUseUsageDescription = "위치 정보를 항상 사용하기 위해 권한이 필요합니다.";
				INFOPLIST_KEY_NSLocationWhenInUseUsageDescription = "위치 정보를 사용하기 위해 권한이 필요합니다.";
				INFOPLIST_KEY_UIApplicationSupportsIndirectInputEvents = YES;
				INFOPLIST_KEY_UILaunchStoryboardName = LaunchScreen;
				INFOPLIST_KEY_UISupportedInterfaceOrientations_iPad = "UIInterfaceOrientationPortrait UIInterfaceOrientationPortraitUpsideDown UIInterfaceOrientationLandscapeLeft UIInterfaceOrientationLandscapeRight";
				INFOPLIST_KEY_UISupportedInterfaceOrientations_iPhone = "UIInterfaceOrientationPortrait UIInterfaceOrientationLandscapeLeft UIInterfaceOrientationLandscapeRight";
				IPHONEOS_DEPLOYMENT_TARGET = 18.0;
				LD_RUNPATH_SEARCH_PATHS = (
					"$(inherited)",
					"@executable_path/Frameworks",
				);
				MARKETING_VERSION = 1.0;
				PRODUCT_BUNDLE_IDENTIFIER = evan.DuruDuru;
				PRODUCT_NAME = "$(TARGET_NAME)";
				SWIFT_EMIT_LOC_STRINGS = YES;
				SWIFT_VERSION = 5.0;
				TARGETED_DEVICE_FAMILY = "1,2";
			};
			name = Release;
		};
		42124F822D26CB3F0095E058 /* Debug */ = {
			isa = XCBuildConfiguration;
			buildSettings = {
				ALWAYS_SEARCH_USER_PATHS = NO;
				ASSETCATALOG_COMPILER_GENERATE_SWIFT_ASSET_SYMBOL_EXTENSIONS = YES;
				CLANG_ANALYZER_NONNULL = YES;
				CLANG_ANALYZER_NUMBER_OBJECT_CONVERSION = YES_AGGRESSIVE;
				CLANG_CXX_LANGUAGE_STANDARD = "gnu++20";
				CLANG_ENABLE_MODULES = YES;
				CLANG_ENABLE_OBJC_ARC = YES;
				CLANG_ENABLE_OBJC_WEAK = YES;
				CLANG_WARN_BLOCK_CAPTURE_AUTORELEASING = YES;
				CLANG_WARN_BOOL_CONVERSION = YES;
				CLANG_WARN_COMMA = YES;
				CLANG_WARN_CONSTANT_CONVERSION = YES;
				CLANG_WARN_DEPRECATED_OBJC_IMPLEMENTATIONS = YES;
				CLANG_WARN_DIRECT_OBJC_ISA_USAGE = YES_ERROR;
				CLANG_WARN_DOCUMENTATION_COMMENTS = YES;
				CLANG_WARN_EMPTY_BODY = YES;
				CLANG_WARN_ENUM_CONVERSION = YES;
				CLANG_WARN_INFINITE_RECURSION = YES;
				CLANG_WARN_INT_CONVERSION = YES;
				CLANG_WARN_NON_LITERAL_NULL_CONVERSION = YES;
				CLANG_WARN_OBJC_IMPLICIT_RETAIN_SELF = YES;
				CLANG_WARN_OBJC_LITERAL_CONVERSION = YES;
				CLANG_WARN_OBJC_ROOT_CLASS = YES_ERROR;
				CLANG_WARN_QUOTED_INCLUDE_IN_FRAMEWORK_HEADER = YES;
				CLANG_WARN_RANGE_LOOP_ANALYSIS = YES;
				CLANG_WARN_STRICT_PROTOTYPES = YES;
				CLANG_WARN_SUSPICIOUS_MOVE = YES;
				CLANG_WARN_UNGUARDED_AVAILABILITY = YES_AGGRESSIVE;
				CLANG_WARN_UNREACHABLE_CODE = YES;
				CLANG_WARN__DUPLICATE_METHOD_MATCH = YES;
				COPY_PHASE_STRIP = NO;
				DEBUG_INFORMATION_FORMAT = dwarf;
				ENABLE_STRICT_OBJC_MSGSEND = YES;
				ENABLE_TESTABILITY = YES;
				ENABLE_USER_SCRIPT_SANDBOXING = YES;
				GCC_C_LANGUAGE_STANDARD = gnu17;
				GCC_DYNAMIC_NO_PIC = NO;
				GCC_NO_COMMON_BLOCKS = YES;
				GCC_OPTIMIZATION_LEVEL = 0;
				GCC_PREPROCESSOR_DEFINITIONS = (
					"DEBUG=1",
					"$(inherited)",
				);
				GCC_WARN_64_TO_32_BIT_CONVERSION = YES;
				GCC_WARN_ABOUT_RETURN_TYPE = YES_ERROR;
				GCC_WARN_UNDECLARED_SELECTOR = YES;
				GCC_WARN_UNINITIALIZED_AUTOS = YES_AGGRESSIVE;
				GCC_WARN_UNUSED_FUNCTION = YES;
				GCC_WARN_UNUSED_VARIABLE = YES;
				IPHONEOS_DEPLOYMENT_TARGET = 18.2;
				LOCALIZATION_PREFERS_STRING_CATALOGS = YES;
				MTL_ENABLE_DEBUG_INFO = INCLUDE_SOURCE;
				MTL_FAST_MATH = YES;
				ONLY_ACTIVE_ARCH = YES;
				SDKROOT = iphoneos;
				SWIFT_ACTIVE_COMPILATION_CONDITIONS = "DEBUG $(inherited)";
				SWIFT_OPTIMIZATION_LEVEL = "-Onone";
			};
			name = Debug;
		};
		42124F832D26CB3F0095E058 /* Release */ = {
			isa = XCBuildConfiguration;
			buildSettings = {
				ALWAYS_SEARCH_USER_PATHS = NO;
				ASSETCATALOG_COMPILER_GENERATE_SWIFT_ASSET_SYMBOL_EXTENSIONS = YES;
				CLANG_ANALYZER_NONNULL = YES;
				CLANG_ANALYZER_NUMBER_OBJECT_CONVERSION = YES_AGGRESSIVE;
				CLANG_CXX_LANGUAGE_STANDARD = "gnu++20";
				CLANG_ENABLE_MODULES = YES;
				CLANG_ENABLE_OBJC_ARC = YES;
				CLANG_ENABLE_OBJC_WEAK = YES;
				CLANG_WARN_BLOCK_CAPTURE_AUTORELEASING = YES;
				CLANG_WARN_BOOL_CONVERSION = YES;
				CLANG_WARN_COMMA = YES;
				CLANG_WARN_CONSTANT_CONVERSION = YES;
				CLANG_WARN_DEPRECATED_OBJC_IMPLEMENTATIONS = YES;
				CLANG_WARN_DIRECT_OBJC_ISA_USAGE = YES_ERROR;
				CLANG_WARN_DOCUMENTATION_COMMENTS = YES;
				CLANG_WARN_EMPTY_BODY = YES;
				CLANG_WARN_ENUM_CONVERSION = YES;
				CLANG_WARN_INFINITE_RECURSION = YES;
				CLANG_WARN_INT_CONVERSION = YES;
				CLANG_WARN_NON_LITERAL_NULL_CONVERSION = YES;
				CLANG_WARN_OBJC_IMPLICIT_RETAIN_SELF = YES;
				CLANG_WARN_OBJC_LITERAL_CONVERSION = YES;
				CLANG_WARN_OBJC_ROOT_CLASS = YES_ERROR;
				CLANG_WARN_QUOTED_INCLUDE_IN_FRAMEWORK_HEADER = YES;
				CLANG_WARN_RANGE_LOOP_ANALYSIS = YES;
				CLANG_WARN_STRICT_PROTOTYPES = YES;
				CLANG_WARN_SUSPICIOUS_MOVE = YES;
				CLANG_WARN_UNGUARDED_AVAILABILITY = YES_AGGRESSIVE;
				CLANG_WARN_UNREACHABLE_CODE = YES;
				CLANG_WARN__DUPLICATE_METHOD_MATCH = YES;
				COPY_PHASE_STRIP = NO;
				DEBUG_INFORMATION_FORMAT = "dwarf-with-dsym";
				ENABLE_NS_ASSERTIONS = NO;
				ENABLE_STRICT_OBJC_MSGSEND = YES;
				ENABLE_USER_SCRIPT_SANDBOXING = YES;
				GCC_C_LANGUAGE_STANDARD = gnu17;
				GCC_NO_COMMON_BLOCKS = YES;
				GCC_WARN_64_TO_32_BIT_CONVERSION = YES;
				GCC_WARN_ABOUT_RETURN_TYPE = YES_ERROR;
				GCC_WARN_UNDECLARED_SELECTOR = YES;
				GCC_WARN_UNINITIALIZED_AUTOS = YES_AGGRESSIVE;
				GCC_WARN_UNUSED_FUNCTION = YES;
				GCC_WARN_UNUSED_VARIABLE = YES;
				IPHONEOS_DEPLOYMENT_TARGET = 18.2;
				LOCALIZATION_PREFERS_STRING_CATALOGS = YES;
				MTL_ENABLE_DEBUG_INFO = NO;
				MTL_FAST_MATH = YES;
				SDKROOT = iphoneos;
				SWIFT_COMPILATION_MODE = wholemodule;
				VALIDATE_PRODUCT = YES;
			};
			name = Release;
		};
/* End XCBuildConfiguration section */

/* Begin XCConfigurationList section */
		42124F672D26CB3E0095E058 /* Build configuration list for PBXProject "DuruDuru" */ = {
			isa = XCConfigurationList;
			buildConfigurations = (
				42124F822D26CB3F0095E058 /* Debug */,
				42124F832D26CB3F0095E058 /* Release */,
			);
			defaultConfigurationIsVisible = 0;
			defaultConfigurationName = Release;
		};
		42124F7F2D26CB3F0095E058 /* Build configuration list for PBXNativeTarget "DuruDuru" */ = {
			isa = XCConfigurationList;
			buildConfigurations = (
				42124F802D26CB3F0095E058 /* Debug */,
				42124F812D26CB3F0095E058 /* Release */,
			);
			defaultConfigurationIsVisible = 0;
			defaultConfigurationName = Release;
		};
/* End XCConfigurationList section */

/* Begin XCRemoteSwiftPackageReference section */
		42069BE02D53410500020F6A /* XCRemoteSwiftPackageReference "kakao-ios-sdk" */ = {
			isa = XCRemoteSwiftPackageReference;
			repositoryURL = "https://github.com/kakao/kakao-ios-sdk";
			requirement = {
				kind = upToNextMajorVersion;
				minimumVersion = 2.23.0;
			};
		};
		42069CBE2D53416C00020F6A /* XCRemoteSwiftPackageReference "TagListView" */ = {
			isa = XCRemoteSwiftPackageReference;
			repositoryURL = "https://github.com/ElaWorkshop/TagListView";
			requirement = {
				kind = upToNextMajorVersion;
				minimumVersion = 1.4.1;
			};
		};
/* End XCRemoteSwiftPackageReference section */

/* Begin XCSwiftPackageProductDependency section */
		42069BE12D53410500020F6A /* KakaoSDK */ = {
			isa = XCSwiftPackageProductDependency;
			package = 42069BE02D53410500020F6A /* XCRemoteSwiftPackageReference "kakao-ios-sdk" */;
			productName = KakaoSDK;
		};
		42069BE32D53410500020F6A /* KakaoSDKAuth */ = {
			isa = XCSwiftPackageProductDependency;
			package = 42069BE02D53410500020F6A /* XCRemoteSwiftPackageReference "kakao-ios-sdk" */;
			productName = KakaoSDKAuth;
		};
		42069BE52D53410500020F6A /* KakaoSDKCert */ = {
			isa = XCSwiftPackageProductDependency;
			package = 42069BE02D53410500020F6A /* XCRemoteSwiftPackageReference "kakao-ios-sdk" */;
			productName = KakaoSDKCert;
		};
		42069BE72D53410500020F6A /* KakaoSDKCertCore */ = {
			isa = XCSwiftPackageProductDependency;
			package = 42069BE02D53410500020F6A /* XCRemoteSwiftPackageReference "kakao-ios-sdk" */;
			productName = KakaoSDKCertCore;
		};
		42069BE92D53410500020F6A /* KakaoSDKCommon */ = {
			isa = XCSwiftPackageProductDependency;
			package = 42069BE02D53410500020F6A /* XCRemoteSwiftPackageReference "kakao-ios-sdk" */;
			productName = KakaoSDKCommon;
		};
		42069CBF2D53416C00020F6A /* TagListView */ = {
			isa = XCSwiftPackageProductDependency;
			package = 42069CBE2D53416C00020F6A /* XCRemoteSwiftPackageReference "TagListView" */;
			productName = TagListView;
		};
/* End XCSwiftPackageProductDependency section */
	};
	rootObject = 42124F642D26CB3E0095E058 /* Project object */;
}
